// !$*UTF8*$!
{
	archiveVersion = 1;
	classes = {
	};
	objectVersion = 46;
	objects = {

/* Begin PBXBuildFile section */
		701720B071DB82CE826CE022 /* Pods_BusyCalendar.framework in Frameworks */ = {isa = PBXBuildFile; fileRef = CAEDB1B20CF7F254C58E1244 /* Pods_BusyCalendar.framework */; };
		DF6B3A651F648E92009471E6 /* AppDelegate.swift in Sources */ = {isa = PBXBuildFile; fileRef = DF6B3A641F648E92009471E6 /* AppDelegate.swift */; };
		DF6B3A671F648E92009471E6 /* ViewController.swift in Sources */ = {isa = PBXBuildFile; fileRef = DF6B3A661F648E92009471E6 /* ViewController.swift */; };
		DF6B3A6A1F648E92009471E6 /* Main.storyboard in Resources */ = {isa = PBXBuildFile; fileRef = DF6B3A681F648E92009471E6 /* Main.storyboard */; };
		DF6B3A6C1F648E92009471E6 /* Assets.xcassets in Resources */ = {isa = PBXBuildFile; fileRef = DF6B3A6B1F648E92009471E6 /* Assets.xcassets */; };
		DF6B3A6F1F648E92009471E6 /* LaunchScreen.storyboard in Resources */ = {isa = PBXBuildFile; fileRef = DF6B3A6D1F648E92009471E6 /* LaunchScreen.storyboard */; };
		DF6B3A7A1F648E92009471E6 /* BusyCalendarTests.swift in Sources */ = {isa = PBXBuildFile; fileRef = DF6B3A791F648E92009471E6 /* BusyCalendarTests.swift */; };
		DF6B3A871F64925C009471E6 /* DateCell.swift in Sources */ = {isa = PBXBuildFile; fileRef = DF6B3A861F64925C009471E6 /* DateCell.swift */; };
/* End PBXBuildFile section */

/* Begin PBXContainerItemProxy section */
		DF6B3A761F648E92009471E6 /* PBXContainerItemProxy */ = {
			isa = PBXContainerItemProxy;
			containerPortal = DF6B3A591F648E92009471E6 /* Project object */;
			proxyType = 1;
			remoteGlobalIDString = DF6B3A601F648E92009471E6;
			remoteInfo = BusyCalendar;
		};
/* End PBXContainerItemProxy section */

/* Begin PBXFileReference section */
		2171C15391E6357C169EDF72 /* Pods-BusyCalendar.release.xcconfig */ = {isa = PBXFileReference; includeInIndex = 1; lastKnownFileType = text.xcconfig; name = "Pods-BusyCalendar.release.xcconfig"; path = "Pods/Target Support Files/Pods-BusyCalendar/Pods-BusyCalendar.release.xcconfig"; sourceTree = "<group>"; };
		CAEDB1B20CF7F254C58E1244 /* Pods_BusyCalendar.framework */ = {isa = PBXFileReference; explicitFileType = wrapper.framework; includeInIndex = 0; path = Pods_BusyCalendar.framework; sourceTree = BUILT_PRODUCTS_DIR; };
		DF6B3A611F648E92009471E6 /* BusyCalendar.app */ = {isa = PBXFileReference; explicitFileType = wrapper.application; includeInIndex = 0; path = BusyCalendar.app; sourceTree = BUILT_PRODUCTS_DIR; };
		DF6B3A641F648E92009471E6 /* AppDelegate.swift */ = {isa = PBXFileReference; lastKnownFileType = sourcecode.swift; path = AppDelegate.swift; sourceTree = "<group>"; };
		DF6B3A661F648E92009471E6 /* ViewController.swift */ = {isa = PBXFileReference; lastKnownFileType = sourcecode.swift; path = ViewController.swift; sourceTree = "<group>"; };
		DF6B3A691F648E92009471E6 /* Base */ = {isa = PBXFileReference; lastKnownFileType = file.storyboard; name = Base; path = Base.lproj/Main.storyboard; sourceTree = "<group>"; };
		DF6B3A6B1F648E92009471E6 /* Assets.xcassets */ = {isa = PBXFileReference; lastKnownFileType = folder.assetcatalog; path = Assets.xcassets; sourceTree = "<group>"; };
		DF6B3A6E1F648E92009471E6 /* Base */ = {isa = PBXFileReference; lastKnownFileType = file.storyboard; name = Base; path = Base.lproj/LaunchScreen.storyboard; sourceTree = "<group>"; };
		DF6B3A701F648E92009471E6 /* Info.plist */ = {isa = PBXFileReference; lastKnownFileType = text.plist.xml; path = Info.plist; sourceTree = "<group>"; };
		DF6B3A751F648E92009471E6 /* BusyCalendarTests.xctest */ = {isa = PBXFileReference; explicitFileType = wrapper.cfbundle; includeInIndex = 0; path = BusyCalendarTests.xctest; sourceTree = BUILT_PRODUCTS_DIR; };
		DF6B3A791F648E92009471E6 /* BusyCalendarTests.swift */ = {isa = PBXFileReference; lastKnownFileType = sourcecode.swift; path = BusyCalendarTests.swift; sourceTree = "<group>"; };
		DF6B3A7B1F648E92009471E6 /* Info.plist */ = {isa = PBXFileReference; lastKnownFileType = text.plist.xml; path = Info.plist; sourceTree = "<group>"; };
		DF6B3A861F64925C009471E6 /* DateCell.swift */ = {isa = PBXFileReference; fileEncoding = 4; lastKnownFileType = sourcecode.swift; path = DateCell.swift; sourceTree = "<group>"; };
		FC121F19AB990BB3D1BFC463 /* Pods-BusyCalendar.debug.xcconfig */ = {isa = PBXFileReference; includeInIndex = 1; lastKnownFileType = text.xcconfig; name = "Pods-BusyCalendar.debug.xcconfig"; path = "Pods/Target Support Files/Pods-BusyCalendar/Pods-BusyCalendar.debug.xcconfig"; sourceTree = "<group>"; };
/* End PBXFileReference section */

/* Begin PBXFrameworksBuildPhase section */
		DF6B3A5E1F648E92009471E6 /* Frameworks */ = {
			isa = PBXFrameworksBuildPhase;
			buildActionMask = 2147483647;
			files = (
				701720B071DB82CE826CE022 /* Pods_BusyCalendar.framework in Frameworks */,
			);
			runOnlyForDeploymentPostprocessing = 0;
		};
		DF6B3A721F648E92009471E6 /* Frameworks */ = {
			isa = PBXFrameworksBuildPhase;
			buildActionMask = 2147483647;
			files = (
			);
			runOnlyForDeploymentPostprocessing = 0;
		};
/* End PBXFrameworksBuildPhase section */

/* Begin PBXGroup section */
		1CD9A7F68C92BC1EEA2CC018 /* Frameworks */ = {
			isa = PBXGroup;
			children = (
				CAEDB1B20CF7F254C58E1244 /* Pods_BusyCalendar.framework */,
			);
			name = Frameworks;
			sourceTree = "<group>";
		};
		9D1D70C8077AC1D704C26F7C /* Pods */ = {
			isa = PBXGroup;
			children = (
				FC121F19AB990BB3D1BFC463 /* Pods-BusyCalendar.debug.xcconfig */,
				2171C15391E6357C169EDF72 /* Pods-BusyCalendar.release.xcconfig */,
			);
			name = Pods;
			sourceTree = "<group>";
		};
		DF6B3A581F648E92009471E6 = {
			isa = PBXGroup;
			children = (
				DF6B3A631F648E92009471E6 /* BusyCalendar */,
				DF6B3A781F648E92009471E6 /* BusyCalendarTests */,
				DF6B3A621F648E92009471E6 /* Products */,
				9D1D70C8077AC1D704C26F7C /* Pods */,
				1CD9A7F68C92BC1EEA2CC018 /* Frameworks */,
			);
			sourceTree = "<group>";
		};
		DF6B3A621F648E92009471E6 /* Products */ = {
			isa = PBXGroup;
			children = (
				DF6B3A611F648E92009471E6 /* BusyCalendar.app */,
				DF6B3A751F648E92009471E6 /* BusyCalendarTests.xctest */,
			);
			name = Products;
			sourceTree = "<group>";
		};
		DF6B3A631F648E92009471E6 /* BusyCalendar */ = {
			isa = PBXGroup;
			children = (
				DF6B3A641F648E92009471E6 /* AppDelegate.swift */,
				DF6B3A661F648E92009471E6 /* ViewController.swift */,
				DF6B3A681F648E92009471E6 /* Main.storyboard */,
				DF6B3A861F64925C009471E6 /* DateCell.swift */,
				DF6B3A6B1F648E92009471E6 /* Assets.xcassets */,
				DF6B3A6D1F648E92009471E6 /* LaunchScreen.storyboard */,
				DF6B3A701F648E92009471E6 /* Info.plist */,
			);
			path = BusyCalendar;
			sourceTree = "<group>";
		};
		DF6B3A781F648E92009471E6 /* BusyCalendarTests */ = {
			isa = PBXGroup;
			children = (
				DF6B3A791F648E92009471E6 /* BusyCalendarTests.swift */,
				DF6B3A7B1F648E92009471E6 /* Info.plist */,
			);
			path = BusyCalendarTests;
			sourceTree = "<group>";
		};
/* End PBXGroup section */

/* Begin PBXNativeTarget section */
		DF6B3A601F648E92009471E6 /* BusyCalendar */ = {
			isa = PBXNativeTarget;
			buildConfigurationList = DF6B3A7E1F648E92009471E6 /* Build configuration list for PBXNativeTarget "BusyCalendar" */;
			buildPhases = (
				857F1A43AB999008C3B1E144 /* [CP] Check Pods Manifest.lock */,
				DF6B3A5D1F648E92009471E6 /* Sources */,
				DF6B3A5E1F648E92009471E6 /* Frameworks */,
				DF6B3A5F1F648E92009471E6 /* Resources */,
				0CCD354875459918563EF93D /* [CP] Embed Pods Frameworks */,
				4C0DB5E1322C72AC3DF9069A /* [CP] Copy Pods Resources */,
			);
			buildRules = (
			);
			dependencies = (
			);
			name = BusyCalendar;
			productName = BusyCalendar;
			productReference = DF6B3A611F648E92009471E6 /* BusyCalendar.app */;
			productType = "com.apple.product-type.application";
		};
		DF6B3A741F648E92009471E6 /* BusyCalendarTests */ = {
			isa = PBXNativeTarget;
			buildConfigurationList = DF6B3A811F648E92009471E6 /* Build configuration list for PBXNativeTarget "BusyCalendarTests" */;
			buildPhases = (
				DF6B3A711F648E92009471E6 /* Sources */,
				DF6B3A721F648E92009471E6 /* Frameworks */,
				DF6B3A731F648E92009471E6 /* Resources */,
			);
			buildRules = (
			);
			dependencies = (
				DF6B3A771F648E92009471E6 /* PBXTargetDependency */,
			);
			name = BusyCalendarTests;
			productName = BusyCalendarTests;
			productReference = DF6B3A751F648E92009471E6 /* BusyCalendarTests.xctest */;
			productType = "com.apple.product-type.bundle.unit-test";
		};
/* End PBXNativeTarget section */

/* Begin PBXProject section */
		DF6B3A591F648E92009471E6 /* Project object */ = {
			isa = PBXProject;
			attributes = {
				LastSwiftUpdateCheck = 0830;
				LastUpgradeCheck = 0830;
				ORGANIZATIONNAME = "Kelsey Law";
				TargetAttributes = {
					DF6B3A601F648E92009471E6 = {
						CreatedOnToolsVersion = 8.3.3;
						ProvisioningStyle = Automatic;
					};
					DF6B3A741F648E92009471E6 = {
						CreatedOnToolsVersion = 8.3.3;
						ProvisioningStyle = Automatic;
						TestTargetID = DF6B3A601F648E92009471E6;
					};
				};
			};
			buildConfigurationList = DF6B3A5C1F648E92009471E6 /* Build configuration list for PBXProject "BusyCalendar" */;
			compatibilityVersion = "Xcode 3.2";
			developmentRegion = English;
			hasScannedForEncodings = 0;
			knownRegions = (
				en,
				Base,
			);
			mainGroup = DF6B3A581F648E92009471E6;
			productRefGroup = DF6B3A621F648E92009471E6 /* Products */;
			projectDirPath = "";
			projectRoot = "";
			targets = (
				DF6B3A601F648E92009471E6 /* BusyCalendar */,
				DF6B3A741F648E92009471E6 /* BusyCalendarTests */,
			);
		};
/* End PBXProject section */

/* Begin PBXResourcesBuildPhase section */
		DF6B3A5F1F648E92009471E6 /* Resources */ = {
			isa = PBXResourcesBuildPhase;
			buildActionMask = 2147483647;
			files = (
				DF6B3A6F1F648E92009471E6 /* LaunchScreen.storyboard in Resources */,
				DF6B3A6C1F648E92009471E6 /* Assets.xcassets in Resources */,
				DF6B3A6A1F648E92009471E6 /* Main.storyboard in Resources */,
			);
			runOnlyForDeploymentPostprocessing = 0;
		};
		DF6B3A731F648E92009471E6 /* Resources */ = {
			isa = PBXResourcesBuildPhase;
			buildActionMask = 2147483647;
			files = (
			);
			runOnlyForDeploymentPostprocessing = 0;
		};
/* End PBXResourcesBuildPhase section */

/* Begin PBXShellScriptBuildPhase section */
		0CCD354875459918563EF93D /* [CP] Embed Pods Frameworks */ = {
			isa = PBXShellScriptBuildPhase;
			buildActionMask = 2147483647;
			files = (
			);
			inputPaths = (
				"${SRCROOT}/Pods/Target Support Files/Pods-BusyCalendar/Pods-BusyCalendar-frameworks.sh",
				"${BUILT_PRODUCTS_DIR}/JTAppleCalendar/JTAppleCalendar.framework",
			);
			name = "[CP] Embed Pods Frameworks";
			outputPaths = (
				"${TARGET_BUILD_DIR}/${FRAMEWORKS_FOLDER_PATH}/JTAppleCalendar.framework",
			);
			runOnlyForDeploymentPostprocessing = 0;
			shellPath = /bin/sh;
			shellScript = "\"${SRCROOT}/Pods/Target Support Files/Pods-BusyCalendar/Pods-BusyCalendar-frameworks.sh\"\n";
			showEnvVarsInLog = 0;
		};
		4C0DB5E1322C72AC3DF9069A /* [CP] Copy Pods Resources */ = {
			isa = PBXShellScriptBuildPhase;
			buildActionMask = 2147483647;
			files = (
			);
			inputPaths = (
			);
			name = "[CP] Copy Pods Resources";
			outputPaths = (
			);
			runOnlyForDeploymentPostprocessing = 0;
			shellPath = /bin/sh;
			shellScript = "\"${SRCROOT}/Pods/Target Support Files/Pods-BusyCalendar/Pods-BusyCalendar-resources.sh\"\n";
			showEnvVarsInLog = 0;
		};
		857F1A43AB999008C3B1E144 /* [CP] Check Pods Manifest.lock */ = {
			isa = PBXShellScriptBuildPhase;
			buildActionMask = 2147483647;
			files = (
			);
			inputPaths = (
				"${PODS_PODFILE_DIR_PATH}/Podfile.lock",
				"${PODS_ROOT}/Manifest.lock",
			);
			name = "[CP] Check Pods Manifest.lock";
			outputPaths = (
				"$(DERIVED_FILE_DIR)/Pods-BusyCalendar-checkManifestLockResult.txt",
			);
			runOnlyForDeploymentPostprocessing = 0;
			shellPath = /bin/sh;
			shellScript = "diff \"${PODS_PODFILE_DIR_PATH}/Podfile.lock\" \"${PODS_ROOT}/Manifest.lock\" > /dev/null\nif [ $? != 0 ] ; then\n    # print error to STDERR\n    echo \"error: The sandbox is not in sync with the Podfile.lock. Run 'pod install' or update your CocoaPods installation.\" >&2\n    exit 1\nfi\n# This output is used by Xcode 'outputs' to avoid re-running this script phase.\necho \"SUCCESS\" > \"${SCRIPT_OUTPUT_FILE_0}\"\n";
			showEnvVarsInLog = 0;
		};
/* End PBXShellScriptBuildPhase section */

/* Begin PBXSourcesBuildPhase section */
		DF6B3A5D1F648E92009471E6 /* Sources */ = {
			isa = PBXSourcesBuildPhase;
			buildActionMask = 2147483647;
			files = (
				DF6B3A671F648E92009471E6 /* ViewController.swift in Sources */,
				DF6B3A871F64925C009471E6 /* DateCell.swift in Sources */,
				DF6B3A651F648E92009471E6 /* AppDelegate.swift in Sources */,
			);
			runOnlyForDeploymentPostprocessing = 0;
		};
		DF6B3A711F648E92009471E6 /* Sources */ = {
			isa = PBXSourcesBuildPhase;
			buildActionMask = 2147483647;
			files = (
				DF6B3A7A1F648E92009471E6 /* BusyCalendarTests.swift in Sources */,
			);
			runOnlyForDeploymentPostprocessing = 0;
		};
/* End PBXSourcesBuildPhase section */

/* Begin PBXTargetDependency section */
		DF6B3A771F648E92009471E6 /* PBXTargetDependency */ = {
			isa = PBXTargetDependency;
			target = DF6B3A601F648E92009471E6 /* BusyCalendar */;
			targetProxy = DF6B3A761F648E92009471E6 /* PBXContainerItemProxy */;
		};
/* End PBXTargetDependency section */

/* Begin PBXVariantGroup section */
		DF6B3A681F648E92009471E6 /* Main.storyboard */ = {
			isa = PBXVariantGroup;
			children = (
				DF6B3A691F648E92009471E6 /* Base */,
			);
			name = Main.storyboard;
			sourceTree = "<group>";
		};
		DF6B3A6D1F648E92009471E6 /* LaunchScreen.storyboard */ = {
			isa = PBXVariantGroup;
			children = (
				DF6B3A6E1F648E92009471E6 /* Base */,
			);
			name = LaunchScreen.storyboard;
			sourceTree = "<group>";
		};
/* End PBXVariantGroup section */

/* Begin XCBuildConfiguration section */
		DF6B3A7C1F648E92009471E6 /* Debug */ = {
			isa = XCBuildConfiguration;
			buildSettings = {
				ALWAYS_SEARCH_USER_PATHS = NO;
				CLANG_ANALYZER_NONNULL = YES;
				CLANG_ANALYZER_NUMBER_OBJECT_CONVERSION = YES_AGGRESSIVE;
				CLANG_CXX_LANGUAGE_STANDARD = "gnu++0x";
				CLANG_CXX_LIBRARY = "libc++";
				CLANG_ENABLE_MODULES = YES;
				CLANG_ENABLE_OBJC_ARC = YES;
				CLANG_WARN_BOOL_CONVERSION = YES;
				CLANG_WARN_CONSTANT_CONVERSION = YES;
				CLANG_WARN_DIRECT_OBJC_ISA_USAGE = YES_ERROR;
				CLANG_WARN_DOCUMENTATION_COMMENTS = YES;
				CLANG_WARN_EMPTY_BODY = YES;
				CLANG_WARN_ENUM_CONVERSION = YES;
				CLANG_WARN_INFINITE_RECURSION = YES;
				CLANG_WARN_INT_CONVERSION = YES;
				CLANG_WARN_OBJC_ROOT_CLASS = YES_ERROR;
				CLANG_WARN_SUSPICIOUS_MOVE = YES;
				CLANG_WARN_UNREACHABLE_CODE = YES;
				CLANG_WARN__DUPLICATE_METHOD_MATCH = YES;
				"CODE_SIGN_IDENTITY[sdk=iphoneos*]" = "iPhone Developer";
				COPY_PHASE_STRIP = NO;
				DEBUG_INFORMATION_FORMAT = dwarf;
				ENABLE_STRICT_OBJC_MSGSEND = YES;
				ENABLE_TESTABILITY = YES;
				GCC_C_LANGUAGE_STANDARD = gnu99;
				GCC_DYNAMIC_NO_PIC = NO;
				GCC_NO_COMMON_BLOCKS = YES;
				GCC_OPTIMIZATION_LEVEL = 0;
				GCC_PREPROCESSOR_DEFINITIONS = (
					"DEBUG=1",
					"$(inherited)",
				);
				GCC_WARN_64_TO_32_BIT_CONVERSION = YES;
				GCC_WARN_ABOUT_RETURN_TYPE = YES_ERROR;
				GCC_WARN_UNDECLARED_SELECTOR = YES;
				GCC_WARN_UNINITIALIZED_AUTOS = YES_AGGRESSIVE;
				GCC_WARN_UNUSED_FUNCTION = YES;
				GCC_WARN_UNUSED_VARIABLE = YES;
				IPHONEOS_DEPLOYMENT_TARGET = 10.3;
				MTL_ENABLE_DEBUG_INFO = YES;
				ONLY_ACTIVE_ARCH = YES;
				SDKROOT = iphoneos;
				SWIFT_ACTIVE_COMPILATION_CONDITIONS = DEBUG;
				SWIFT_OPTIMIZATION_LEVEL = "-Onone";
				TARGETED_DEVICE_FAMILY = "1,2";
			};
			name = Debug;
		};
		DF6B3A7D1F648E92009471E6 /* Release */ = {
			isa = XCBuildConfiguration;
			buildSettings = {
				ALWAYS_SEARCH_USER_PATHS = NO;
				CLANG_ANALYZER_NONNULL = YES;
				CLANG_ANALYZER_NUMBER_OBJECT_CONVERSION = YES_AGGRESSIVE;
				CLANG_CXX_LANGUAGE_STANDARD = "gnu++0x";
				CLANG_CXX_LIBRARY = "libc++";
				CLANG_ENABLE_MODULES = YES;
				CLANG_ENABLE_OBJC_ARC = YES;
				CLANG_WARN_BOOL_CONVERSION = YES;
				CLANG_WARN_CONSTANT_CONVERSION = YES;
				CLANG_WARN_DIRECT_OBJC_ISA_USAGE = YES_ERROR;
				CLANG_WARN_DOCUMENTATION_COMMENTS = YES;
				CLANG_WARN_EMPTY_BODY = YES;
				CLANG_WARN_ENUM_CONVERSION = YES;
				CLANG_WARN_INFINITE_RECURSION = YES;
				CLANG_WARN_INT_CONVERSION = YES;
				CLANG_WARN_OBJC_ROOT_CLASS = YES_ERROR;
				CLANG_WARN_SUSPICIOUS_MOVE = YES;
				CLANG_WARN_UNREACHABLE_CODE = YES;
				CLANG_WARN__DUPLICATE_METHOD_MATCH = YES;
				"CODE_SIGN_IDENTITY[sdk=iphoneos*]" = "iPhone Developer";
				COPY_PHASE_STRIP = NO;
				DEBUG_INFORMATION_FORMAT = "dwarf-with-dsym";
				ENABLE_NS_ASSERTIONS = NO;
				ENABLE_STRICT_OBJC_MSGSEND = YES;
				GCC_C_LANGUAGE_STANDARD = gnu99;
				GCC_NO_COMMON_BLOCKS = YES;
				GCC_WARN_64_TO_32_BIT_CONVERSION = YES;
				GCC_WARN_ABOUT_RETURN_TYPE = YES_ERROR;
				GCC_WARN_UNDECLARED_SELECTOR = YES;
				GCC_WARN_UNINITIALIZED_AUTOS = YES_AGGRESSIVE;
				GCC_WARN_UNUSED_FUNCTION = YES;
				GCC_WARN_UNUSED_VARIABLE = YES;
				IPHONEOS_DEPLOYMENT_TARGET = 10.3;
				MTL_ENABLE_DEBUG_INFO = NO;
				SDKROOT = iphoneos;
				SWIFT_OPTIMIZATION_LEVEL = "-Owholemodule";
				TARGETED_DEVICE_FAMILY = "1,2";
				VALIDATE_PRODUCT = YES;
			};
			name = Release;
		};
		DF6B3A7F1F648E92009471E6 /* Debug */ = {
			isa = XCBuildConfiguration;
			baseConfigurationReference = FC121F19AB990BB3D1BFC463 /* Pods-BusyCalendar.debug.xcconfig */;
			buildSettings = {
				ASSETCATALOG_COMPILER_APPICON_NAME = AppIcon;
				INFOPLIST_FILE = BusyCalendar/Info.plist;
				LD_RUNPATH_SEARCH_PATHS = "$(inherited) @executable_path/Frameworks";
				PRODUCT_BUNDLE_IDENTIFIER = com.example.BusyCalendar;
				PRODUCT_NAME = "$(TARGET_NAME)";
				SWIFT_VERSION = 3.0;
			};
			name = Debug;
		};
		DF6B3A801F648E92009471E6 /* Release */ = {
			isa = XCBuildConfiguration;
			baseConfigurationReference = 2171C15391E6357C169EDF72 /* Pods-BusyCalendar.release.xcconfig */;
			buildSettings = {
				ASSETCATALOG_COMPILER_APPICON_NAME = AppIcon;
				INFOPLIST_FILE = BusyCalendar/Info.plist;
				LD_RUNPATH_SEARCH_PATHS = "$(inherited) @executable_path/Frameworks";
				PRODUCT_BUNDLE_IDENTIFIER = com.example.BusyCalendar;
				PRODUCT_NAME = "$(TARGET_NAME)";
				SWIFT_VERSION = 3.0;
			};
			name = Release;
		};
		DF6B3A821F648E92009471E6 /* Debug */ = {
			isa = XCBuildConfiguration;
			buildSettings = {
				ALWAYS_EMBED_SWIFT_STANDARD_LIBRARIES = YES;
				BUNDLE_LOADER = "$(TEST_HOST)";
				INFOPLIST_FILE = BusyCalendarTests/Info.plist;
				LD_RUNPATH_SEARCH_PATHS = "$(inherited) @executable_path/Frameworks @loader_path/Frameworks";
				PRODUCT_BUNDLE_IDENTIFIER = com.example.BusyCalendarTests;
				PRODUCT_NAME = "$(TARGET_NAME)";
				SWIFT_VERSION = 3.0;
				TEST_HOST = "$(BUILT_PRODUCTS_DIR)/BusyCalendar.app/BusyCalendar";
			};
			name = Debug;
		};
		DF6B3A831F648E92009471E6 /* Release */ = {
			isa = XCBuildConfiguration;
			buildSettings = {
				ALWAYS_EMBED_SWIFT_STANDARD_LIBRARIES = YES;
				BUNDLE_LOADER = "$(TEST_HOST)";
				INFOPLIST_FILE = BusyCalendarTests/Info.plist;
				LD_RUNPATH_SEARCH_PATHS = "$(inherited) @executable_path/Frameworks @loader_path/Frameworks";
				PRODUCT_BUNDLE_IDENTIFIER = com.example.BusyCalendarTests;
				PRODUCT_NAME = "$(TARGET_NAME)";
				SWIFT_VERSION = 3.0;
				TEST_HOST = "$(BUILT_PRODUCTS_DIR)/BusyCalendar.app/BusyCalendar";
			};
			name = Release;
		};
/* End XCBuildConfiguration section */

/* Begin XCConfigurationList section */
		DF6B3A5C1F648E92009471E6 /* Build configuration list for PBXProject "BusyCalendar" */ = {
			isa = XCConfigurationList;
			buildConfigurations = (
				DF6B3A7C1F648E92009471E6 /* Debug */,
				DF6B3A7D1F648E92009471E6 /* Release */,
			);
			defaultConfigurationIsVisible = 0;
			defaultConfigurationName = Release;
		};
		DF6B3A7E1F648E92009471E6 /* Build configuration list for PBXNativeTarget "BusyCalendar" */ = {
			isa = XCConfigurationList;
			buildConfigurations = (
				DF6B3A7F1F648E92009471E6 /* Debug */,
				DF6B3A801F648E92009471E6 /* Release */,
			);
			defaultConfigurationIsVisible = 0;
			defaultConfigurationName = Release;
		};
		DF6B3A811F648E92009471E6 /* Build configuration list for PBXNativeTarget "BusyCalendarTests" */ = {
			isa = XCConfigurationList;
			buildConfigurations = (
				DF6B3A821F648E92009471E6 /* Debug */,
				DF6B3A831F648E92009471E6 /* Release */,
			);
			defaultConfigurationIsVisible = 0;
			defaultConfigurationName = Release;
		};
/* End XCConfigurationList section */
	};
	rootObject = DF6B3A591F648E92009471E6 /* Project object */;
}
